
Microsoft Visual Studio Solution File, Format Version 12.00
# Visual Studio 2013
VisualStudioVersion = 12.0.21005.1
MinimumVisualStudioVersion = 10.0.40219.1
Project("{FAE04EC0-301F-11D3-BF4B-00C04F79EFBC}") = "DataStructures", "DataStructures\DataStructures.csproj", "{9647F826-8BED-469F-9CC1-88FB22822E68}"
EndProject
Project("{FAE04EC0-301F-11D3-BF4B-00C04F79EFBC}") = "DataStructuresTest", "DataStructuresTest\DataStructuresTest.csproj", "{89089AFD-11DD-4B4F-834D-59B8160296AA}"
EndProject
Global
	GlobalSection(SolutionConfigurationPlatforms) = preSolution
		Debug|Any CPU = Debug|Any CPU
		Release|Any CPU = Release|Any CPU
	EndGlobalSection
	GlobalSection(ProjectConfigurationPlatforms) = postSolution
		{9647F826-8BED-469F-9CC1-88FB22822E68}.Debug|Any CPU.ActiveCfg = Debug|Any CPU
		{9647F826-8BED-469F-9CC1-88FB22822E68}.Debug|Any CPU.Build.0 = Debug|Any CPU
		{9647F826-8BED-469F-9CC1-88FB22822E68}.Release|Any CPU.ActiveCfg = Release|Any CPU
		{9647F826-8BED-469F-9CC1-88FB22822E68}.Release|Any CPU.Build.0 = Release|Any CPU
		{89089AFD-11DD-4B4F-834D-59B8160296AA}.Debug|Any CPU.ActiveCfg = Debug|Any CPU
		{89089AFD-11DD-4B4F-834D-59B8160296AA}.Debug|Any CPU.Build.0 = Debug|Any CPU
		{89089AFD-11DD-4B4F-834D-59B8160296AA}.Release|Any CPU.ActiveCfg = Release|Any CPU
		{89089AFD-11DD-4B4F-834D-59B8160296AA}.Release|Any CPU.Build.0 = Release|Any CPU
	EndGlobalSection
	GlobalSection(SolutionProperties) = preSolution
		HideSolutionNode = FALSE
	EndGlobalSection
EndGlobal
